PODS:
  - appsflyer_sdk (6.17.8):
    - appsflyer_sdk/Core (= 6.17.8)
  - appsflyer_sdk/Core (6.17.8):
    - AppsFlyerFramework (= 6.17.8)
    - Flutter
  - AppsFlyerFramework (6.17.8):
    - AppsFlyerFramework/Main (= 6.17.8)
  - AppsFlyerFramework/Main (6.17.8)
  - Flutter (1.0.0)
  - google_mlkit_commons (0.11.1):
    - Flutter
  - google_mlkit_face_detection (0.13.2):
    - Flutter
    - google_mlkit_commons

DEPENDENCIES:
  - appsflyer_sdk (from `.symlinks/plugins/appsflyer_sdk/ios`)
  - Flutter (from `Flutter`)
  - google_mlkit_commons (from `local_pods/google_mlkit_commons`)
  - google_mlkit_face_detection (from `local_pods/google_mlkit_face_detection`)

SPEC REPOS:
  trunk:
    - AppsFlyerFramework

EXTERNAL SOURCES:
  appsflyer_sdk:
    :path: ".symlinks/plugins/appsflyer_sdk/ios"
  Flutter:
    :path: Flutter
  google_mlkit_commons:
    :path: local_pods/google_mlkit_commons
  google_mlkit_face_detection:
    :path: local_pods/google_mlkit_face_detection

SPEC CHECKSUMS:
  appsflyer_sdk: 8e77c7f47570e4596545b9fa16eb9114676c71e3
  AppsFlyerFramework: 63577b60d6b9fcdab60135289979e7d1c9ec79b9
  Flutter: cabc95a1d2626b1b06e7179b784ebcf0c0cde467
  google_mlkit_commons: ad0a017fdeccb5783aa2118a3d33fb7338fae0fb
  google_mlkit_face_detection: 33a40112403bf5b420afd4a2a31a202cfd46cf81

PODFILE CHECKSUM: 52f939cf2d5e14174f06deae74139efc20abadd7

COCOAPODS: 1.13.0
