PODS:
  - app_tracking_transparency (0.0.1):
    - Flutter
  - appsflyer_sdk (6.17.8):
    - appsflyer_sdk/Core (= 6.17.8)
  - appsflyer_sdk/Core (6.17.8):
    - AppsFlyerFramework (= 6.17.8)
    - Flutter
  - AppsFlyerFramework (6.17.8):
    - AppsFlyerFramework/Main (= 6.17.8)
  - AppsFlyerFramework/Main (6.17.8)
  - Flutter (1.0.0)

DEPENDENCIES:
  - app_tracking_transparency (from `.symlinks/plugins/app_tracking_transparency/ios`)
  - appsflyer_sdk (from `.symlinks/plugins/appsflyer_sdk/ios`)
  - Flutter (from `Flutter`)

SPEC REPOS:
  trunk:
    - AppsFlyerFramework

EXTERNAL SOURCES:
  app_tracking_transparency:
    :path: ".symlinks/plugins/app_tracking_transparency/ios"
  appsflyer_sdk:
    :path: ".symlinks/plugins/appsflyer_sdk/ios"
  Flutter:
    :path: Flutter

SPEC CHECKSUMS:
  app_tracking_transparency: e169b653478da7bb15a6c61209015378ca73e375
  appsflyer_sdk: 8e77c7f47570e4596545b9fa16eb9114676c71e3
  AppsFlyerFramework: 63577b60d6b9fcdab60135289979e7d1c9ec79b9
  Flutter: 71a624a5bc0c04062bf19101d501e466baf2fb47

PODFILE CHECKSUM: 51931f018244c0e817911c07d3f0fc15dd5b3cbd

COCOAPODS: 1.13.0
